
Microsoft Visual Studio Solution File, Format Version 12.00
# Visual Studio Version 17
VisualStudioVersion = 17.11.35327.3
MinimumVisualStudioVersion = 10.0.40219.1
Project("{9A19103F-16F7-4668-BE54-9A1E7A4F7556}") = "TripPlanner", "TripPlanner.csproj", "{00A44AAA-5702-4DEC-8335-81B535D4B9E8}"
EndProject
Project("{9A19103F-16F7-4668-BE54-9A1E7A4F7556}") = "TripPlanner.Client", "..\TripPlanner.Client\TripPlanner.Client.csproj", "{67E2B3DC-36F6-44AA-9CE7-7C12C5BE6A60}"
EndProject
Global
	GlobalSection(SolutionConfigurationPlatforms) = preSolution
		Debug|Any CPU = Debug|Any CPU
		Release|Any CPU = Release|Any CPU
	EndGlobalSection
	GlobalSection(ProjectConfigurationPlatforms) = postSolution
		{00A44AAA-5702-4DEC-8335-81B535D4B9E8}.Debug|Any CPU.ActiveCfg = Debug|Any CPU
		{00A44AAA-5702-4DEC-8335-81B535D4B9E8}.Debug|Any CPU.Build.0 = Debug|Any CPU
		{00A44AAA-5702-4DEC-8335-81B535D4B9E8}.Release|Any CPU.ActiveCfg = Release|Any CPU
		{00A44AAA-5702-4DEC-8335-81B535D4B9E8}.Release|Any CPU.Build.0 = Release|Any CPU
		{67E2B3DC-36F6-44AA-9CE7-7C12C5BE6A60}.Debug|Any CPU.ActiveCfg = Debug|Any CPU
		{67E2B3DC-36F6-44AA-9CE7-7C12C5BE6A60}.Debug|Any CPU.Build.0 = Debug|Any CPU
		{67E2B3DC-36F6-44AA-9CE7-7C12C5BE6A60}.Release|Any CPU.ActiveCfg = Release|Any CPU
		{67E2B3DC-36F6-44AA-9CE7-7C12C5BE6A60}.Release|Any CPU.Build.0 = Release|Any CPU
	EndGlobalSection
	GlobalSection(SolutionProperties) = preSolution
		HideSolutionNode = FALSE
	EndGlobalSection
	GlobalSection(ExtensibilityGlobals) = postSolution
		SolutionGuid = {B48A264B-3FA4-4EBB-8638-A76F7CC658DF}
	EndGlobalSection
EndGlobal
